
Microsoft Visual Studio Solution File, Format Version 12.00
# Visual Studio Version 17
VisualStudioVersion = 17.1.32328.378
MinimumVisualStudioVersion = 10.0.40219.1
Project("{8BC9CEB8-8B4A-11D0-8D11-00A0C91BC942}") = "CHIP8Emulator", "CHIP8Emulator.vcxproj", "{8AE212FC-D82E-4603-90D8-9108715F2EDC}"
EndProject
Global
	GlobalSection(SolutionConfigurationPlatforms) = preSolution
		Debug|x64 = Debug|x64
		Debug|x86 = Debug|x86
		Release|x64 = Release|x64
		Release|x86 = Release|x86
	EndGlobalSection
	GlobalSection(ProjectConfigurationPlatforms) = postSolution
		{8AE212FC-D82E-4603-90D8-9108715F2EDC}.Debug|x64.ActiveCfg = Debug|x64
		{8AE212FC-D82E-4603-90D8-9108715F2EDC}.Debug|x64.Build.0 = Debug|x64
		{8AE212FC-D82E-4603-90D8-9108715F2EDC}.Debug|x86.ActiveCfg = Debug|Win32
		{8AE212FC-D82E-4603-90D8-9108715F2EDC}.Debug|x86.Build.0 = Debug|Win32
		{8AE212FC-D82E-4603-90D8-9108715F2EDC}.Release|x64.ActiveCfg = Release|x64
		{8AE212FC-D82E-4603-90D8-9108715F2EDC}.Release|x64.Build.0 = Release|x64
		{8AE212FC-D82E-4603-90D8-9108715F2EDC}.Release|x86.ActiveCfg = Release|Win32
		{8AE212FC-D82E-4603-90D8-9108715F2EDC}.Release|x86.Build.0 = Release|Win32
	EndGlobalSection
	GlobalSection(SolutionProperties) = preSolution
		HideSolutionNode = FALSE
	EndGlobalSection
	GlobalSection(ExtensibilityGlobals) = postSolution
		SolutionGuid = {8742B8A5-ECB7-4755-831A-BE2FAAC0B9F8}
	EndGlobalSection
EndGlobal
